{
  "name": "contracts",
  "lockfileVersion": 3,
  "requires": true,
  "packages": {
    "": {
      "dependencies": {
        "@nomicfoundation/solidity-language-server": "^0.8.2",
        "@openzeppelin/contracts": "^5.0.2"
      }
    },
    "node_modules/@nomicfoundation/slang": {
      "version": "0.14.0",
      "resolved": "https://registry.npmjs.org/@nomicfoundation/slang/-/slang-0.14.0.tgz",
      "integrity": "sha512-2VZCn/+SaAqlzRSVLuAf2j35BVIeSHbN1DQ9E1kwQSrXtVJTVzMogywLBvQE8hKKGTZIQV+Td9UV1qwxJYODVw==",
      "engines": {
        "node": ">= 10"
      },
      "optionalDependencies": {
        "@nomicfoundation/slang-darwin-arm64": "0.14.0",
        "@nomicfoundation/slang-darwin-x64": "0.14.0",
        "@nomicfoundation/slang-linux-arm64-gnu": "0.14.0",
        "@nomicfoundation/slang-linux-arm64-musl": "0.14.0",
        "@nomicfoundation/slang-linux-x64-gnu": "0.14.0",
        "@nomicfoundation/slang-linux-x64-musl": "0.14.0",
        "@nomicfoundation/slang-win32-arm64-msvc": "0.14.0",
        "@nomicfoundation/slang-win32-ia32-msvc": "0.14.0",
        "@nomicfoundation/slang-win32-x64-msvc": "0.14.0"
      }
    },
    "node_modules/@nomicfoundation/slang-darwin-arm64": {
      "version": "0.14.0",
      "resolved": "https://registry.npmjs.org/@nomicfoundation/slang-darwin-arm64/-/slang-darwin-arm64-0.14.0.tgz",
      "integrity": "sha512-bNDMnVSdw4QuScg9nonGlvEWKpZHWWcMKWrrnfvFAL1YKfsmZ3bhQqfD4LiCHSxuizxFoAKDiSaXhu/IRTalhw==",
      "cpu": [
        "arm64"
      ],
      "optional": true,
      "os": [
        "darwin"
      ],
      "engines": {
        "node": ">= 10"
      }
    },
    "node_modules/@nomicfoundation/slang-darwin-x64": {
      "version": "0.14.0",
      "resolved": "https://registry.npmjs.org/@nomicfoundation/slang-darwin-x64/-/slang-darwin-x64-0.14.0.tgz",
      "integrity": "sha512-xMBg+K1ocfN/LRy5PByc+Ww58EPdrEgLeAOiLMDgwVIq2lxFN8QM2n+WHKRYvyYXjPRW414QYiR2QfNhUM+1jg==",
      "cpu": [
        "x64"
      ],
      "optional": true,
      "os": [
        "darwin"
      ],
      "engines": {
        "node": ">= 10"
      }
    },
    "node_modules/@nomicfoundation/slang-linux-arm64-gnu": {
      "version": "0.14.0",
      "resolved": "https://registry.npmjs.org/@nomicfoundation/slang-linux-arm64-gnu/-/slang-linux-arm64-gnu-0.14.0.tgz",
      "integrity": "sha512-sw9XMVIuPkyyra3rNQZpVVFK3EMl4lxMAIViGu7IillbYjOWEPlHtNwCF4oO8ST5Hg9GhuodXp+Drjin8Ec8WQ==",
      "cpu": [
        "arm64"
      ],
      "optional": true,
      "os": [
        "linux"
      ],
      "engines": {
        "node": ">= 10"
      }
    },
    "node_modules/@nomicfoundation/slang-linux-arm64-musl": {
      "version": "0.14.0",
      "resolved": "https://registry.npmjs.org/@nomicfoundation/slang-linux-arm64-musl/-/slang-linux-arm64-musl-0.14.0.tgz",
      "integrity": "sha512-zs/frMl6TyW0w6kt/dDIoRbNBWZ8En3K70ijBnd5DUpOG2zIbbvF+cad9aVaLwHJ1ApPq4+sahk4y+LjqLgqQQ==",
      "cpu": [
        "arm64"
      ],
      "optional": true,
      "os": [
        "linux"
      ],
      "engines": {
        "node": ">= 10"
      }
    },
    "node_modules/@nomicfoundation/slang-linux-x64-gnu": {
      "version": "0.14.0",
      "resolved": "https://registry.npmjs.org/@nomicfoundation/slang-linux-x64-gnu/-/slang-linux-x64-gnu-0.14.0.tgz",
      "integrity": "sha512-CD1sJkcsrYjXfB74zJkXOYHUMNLrKjJBs2CSgXRsD94leSJQX7RLlGdWA1pLfUtbXcrTVA7Qivuylk0UNqq+zA==",
      "cpu": [
        "x64"
      ],
      "optional": true,
      "os": [
        "linux"
      ],
      "engines": {
        "node": ">= 10"
      }
    },
    "node_modules/@nomicfoundation/slang-linux-x64-musl": {
      "version": "0.14.0",
      "resolved": "https://registry.npmjs.org/@nomicfoundation/slang-linux-x64-musl/-/slang-linux-x64-musl-0.14.0.tgz",
      "integrity": "sha512-H3wmgZLXexeXPtFBrdW5QIsOiQXbtTqRRL8HGO9LOEIaPcLE/6HqFeZ46udFhm82/dIR6BFH6X6ADZoCHzGJHA==",
      "cpu": [
        "x64"
      ],
      "optional": true,
      "os": [
        "linux"
      ],
      "engines": {
        "node": ">= 10"
      }
    },
    "node_modules/@nomicfoundation/slang-win32-arm64-msvc": {
      "version": "0.14.0",
      "resolved": "https://registry.npmjs.org/@nomicfoundation/slang-win32-arm64-msvc/-/slang-win32-arm64-msvc-0.14.0.tgz",
      "integrity": "sha512-cLrZEiGY2LqNDuaWuoHc3s188H8MmtexB2qo7z8d3t1wwvVcwUE7k7hwyIyMy01BV11AmUy27l+qpk7WEVxocg==",
      "cpu": [
        "arm64"
      ],
      "optional": true,
      "os": [
        "win32"
      ],
      "engines": {
        "node": ">= 10"
      }
    },
    "node_modules/@nomicfoundation/slang-win32-ia32-msvc": {
      "version": "0.14.0",
      "resolved": "https://registry.npmjs.org/@nomicfoundation/slang-win32-ia32-msvc/-/slang-win32-ia32-msvc-0.14.0.tgz",
      "integrity": "sha512-jKYmrvjcGnqE34iC5eJnQvNExI5QdydP28hZByRGIaDQqXW0dCfbKsSnG7zbhI794bIabO1ton6PxHRCOX9XnQ==",
      "cpu": [
        "ia32"
      ],
      "optional": true,
      "os": [
        "win32"
      ],
      "engines": {
        "node": ">= 10"
      }
    },
    "node_modules/@nomicfoundation/slang-win32-x64-msvc": {
      "version": "0.14.0",
      "resolved": "https://registry.npmjs.org/@nomicfoundation/slang-win32-x64-msvc/-/slang-win32-x64-msvc-0.14.0.tgz",
      "integrity": "sha512-iPxH1ElgTDDrEq8pu9YZikV2yTNWjfXiFOvWbvyXhAcv7UWqkFnz04eGeY1Fu4VTh58jNso+BiSaRkP8liyBbg==",
      "cpu": [
        "x64"
      ],
      "optional": true,
      "os": [
        "win32"
      ],
      "engines": {
        "node": ">= 10"
      }
    },
    "node_modules/@nomicfoundation/solidity-analyzer": {
      "version": "0.1.1",
      "resolved": "https://registry.npmjs.org/@nomicfoundation/solidity-analyzer/-/solidity-analyzer-0.1.1.tgz",
      "integrity": "sha512-1LMtXj1puAxyFusBgUIy5pZk3073cNXYnXUpuNKFghHbIit/xZgbk0AokpUADbNm3gyD6bFWl3LRFh3dhVdREg==",
      "engines": {
        "node": ">= 12"
      },
      "optionalDependencies": {
        "@nomicfoundation/solidity-analyzer-darwin-arm64": "0.1.1",
        "@nomicfoundation/solidity-analyzer-darwin-x64": "0.1.1",
        "@nomicfoundation/solidity-analyzer-freebsd-x64": "0.1.1",
        "@nomicfoundation/solidity-analyzer-linux-arm64-gnu": "0.1.1",
        "@nomicfoundation/solidity-analyzer-linux-arm64-musl": "0.1.1",
        "@nomicfoundation/solidity-analyzer-linux-x64-gnu": "0.1.1",
        "@nomicfoundation/solidity-analyzer-linux-x64-musl": "0.1.1",
        "@nomicfoundation/solidity-analyzer-win32-arm64-msvc": "0.1.1",
        "@nomicfoundation/solidity-analyzer-win32-ia32-msvc": "0.1.1",
        "@nomicfoundation/solidity-analyzer-win32-x64-msvc": "0.1.1"
      }
    },
    "node_modules/@nomicfoundation/solidity-analyzer-darwin-arm64": {
      "version": "0.1.1",
      "resolved": "https://registry.npmjs.org/@nomicfoundation/solidity-analyzer-darwin-arm64/-/solidity-analyzer-darwin-arm64-0.1.1.tgz",
      "integrity": "sha512-KcTodaQw8ivDZyF+D76FokN/HdpgGpfjc/gFCImdLUyqB6eSWVaZPazMbeAjmfhx3R0zm/NYVzxwAokFKgrc0w==",
      "cpu": [
        "arm64"
      ],
      "optional": true,
      "os": [
        "darwin"
      ],
      "engines": {
        "node": ">= 10"
      }
    },
    "node_modules/@nomicfoundation/solidity-analyzer-darwin-x64": {
      "version": "0.1.1",
      "resolved": "https://registry.npmjs.org/@nomicfoundation/solidity-analyzer-darwin-x64/-/solidity-analyzer-darwin-x64-0.1.1.tgz",
      "integrity": "sha512-XhQG4BaJE6cIbjAVtzGOGbK3sn1BO9W29uhk9J8y8fZF1DYz0Doj8QDMfpMu+A6TjPDs61lbsmeYodIDnfveSA==",
      "cpu": [
        "x64"
      ],
      "optional": true,
      "os": [
        "darwin"
      ],
      "engines": {
        "node": ">= 10"
      }
    },
    "node_modules/@nomicfoundation/solidity-analyzer-freebsd-x64": {
      "version": "0.1.1",
      "resolved": "https://registry.npmjs.org/@nomicfoundation/solidity-analyzer-freebsd-x64/-/solidity-analyzer-freebsd-x64-0.1.1.tgz",
      "integrity": "sha512-GHF1VKRdHW3G8CndkwdaeLkVBi5A9u2jwtlS7SLhBc8b5U/GcoL39Q+1CSO3hYqePNP+eV5YI7Zgm0ea6kMHoA==",
      "cpu": [
        "x64"
      ],
      "optional": true,
      "os": [
        "freebsd"
      ],
      "engines": {
        "node": ">= 10"
      }
    },
    "node_modules/@nomicfoundation/solidity-analyzer-linux-arm64-gnu": {
      "version": "0.1.1",
      "resolved": "https://registry.npmjs.org/@nomicfoundation/solidity-analyzer-linux-arm64-gnu/-/solidity-analyzer-linux-arm64-gnu-0.1.1.tgz",
      "integrity": "sha512-g4Cv2fO37ZsUENQ2vwPnZc2zRenHyAxHcyBjKcjaSmmkKrFr64yvzeNO8S3GBFCo90rfochLs99wFVGT/0owpg==",
      "cpu": [
        "arm64"
      ],
      "optional": true,
      "os": [
        "linux"
      ],
      "engines": {
        "node": ">= 10"
      }
    },
    "node_modules/@nomicfoundation/solidity-analyzer-linux-arm64-musl": {
      "version": "0.1.1",
      "resolved": "https://registry.npmjs.org/@nomicfoundation/solidity-analyzer-linux-arm64-musl/-/solidity-analyzer-linux-arm64-musl-0.1.1.tgz",
      "integrity": "sha512-WJ3CE5Oek25OGE3WwzK7oaopY8xMw9Lhb0mlYuJl/maZVo+WtP36XoQTb7bW/i8aAdHW5Z+BqrHMux23pvxG3w==",
      "cpu": [
        "arm64"
      ],
      "optional": true,
      "os": [
        "linux"
      ],
      "engines": {
        "node": ">= 10"
      }
    },
    "node_modules/@nomicfoundation/solidity-analyzer-linux-x64-gnu": {
      "version": "0.1.1",
      "resolved": "https://registry.npmjs.org/@nomicfoundation/solidity-analyzer-linux-x64-gnu/-/solidity-analyzer-linux-x64-gnu-0.1.1.tgz",
      "integrity": "sha512-5WN7leSr5fkUBBjE4f3wKENUy9HQStu7HmWqbtknfXkkil+eNWiBV275IOlpXku7v3uLsXTOKpnnGHJYI2qsdA==",
      "cpu": [
        "x64"
      ],
      "optional": true,
      "os": [
        "linux"
      ],
      "engines": {
        "node": ">= 10"
      }
    },
    "node_modules/@nomicfoundation/solidity-analyzer-linux-x64-musl": {
      "version": "0.1.1",
      "resolved": "https://registry.npmjs.org/@nomicfoundation/solidity-analyzer-linux-x64-musl/-/solidity-analyzer-linux-x64-musl-0.1.1.tgz",
      "integrity": "sha512-KdYMkJOq0SYPQMmErv/63CwGwMm5XHenEna9X9aB8mQmhDBrYrlAOSsIPgFCUSL0hjxE3xHP65/EPXR/InD2+w==",
      "cpu": [
        "x64"
      ],
      "optional": true,
      "os": [
        "linux"
      ],
      "engines": {
        "node": ">= 10"
      }
    },
    "node_modules/@nomicfoundation/solidity-analyzer-win32-arm64-msvc": {
      "version": "0.1.1",
      "resolved": "https://registry.npmjs.org/@nomicfoundation/solidity-analyzer-win32-arm64-msvc/-/solidity-analyzer-win32-arm64-msvc-0.1.1.tgz",
      "integrity": "sha512-VFZASBfl4qiBYwW5xeY20exWhmv6ww9sWu/krWSesv3q5hA0o1JuzmPHR4LPN6SUZj5vcqci0O6JOL8BPw+APg==",
      "cpu": [
        "arm64"
      ],
      "optional": true,
      "os": [
        "win32"
      ],
      "engines": {
        "node": ">= 10"
      }
    },
    "node_modules/@nomicfoundation/solidity-analyzer-win32-ia32-msvc": {
      "version": "0.1.1",
      "resolved": "https://registry.npmjs.org/@nomicfoundation/solidity-analyzer-win32-ia32-msvc/-/solidity-analyzer-win32-ia32-msvc-0.1.1.tgz",
      "integrity": "sha512-JnFkYuyCSA70j6Si6cS1A9Gh1aHTEb8kOTBApp/c7NRTFGNMH8eaInKlyuuiIbvYFhlXW4LicqyYuWNNq9hkpQ==",
      "cpu": [
        "ia32"
      ],
      "optional": true,
      "os": [
        "win32"
      ],
      "engines": {
        "node": ">= 10"
      }
    },
    "node_modules/@nomicfoundation/solidity-analyzer-win32-x64-msvc": {
      "version": "0.1.1",
      "resolved": "https://registry.npmjs.org/@nomicfoundation/solidity-analyzer-win32-x64-msvc/-/solidity-analyzer-win32-x64-msvc-0.1.1.tgz",
      "integrity": "sha512-HrVJr6+WjIXGnw3Q9u6KQcbZCtk0caVWhCdFADySvRyUxJ8PnzlaP+MhwNE8oyT8OZ6ejHBRrrgjSqDCFXGirw==",
      "cpu": [
        "x64"
      ],
      "optional": true,
      "os": [
        "win32"
      ],
      "engines": {
        "node": ">= 10"
      }
    },
    "node_modules/@nomicfoundation/solidity-language-server": {
      "version": "0.8.2",
      "resolved": "https://registry.npmjs.org/@nomicfoundation/solidity-language-server/-/solidity-language-server-0.8.2.tgz",
      "integrity": "sha512-shBWZB47FzbHQEGzxJKMc34/hOZ86XW39bT5WUc4F3cjSFk7UGaPOKNLVK0trPSs9ZNi9csczwFgsye0fNt4AQ==",
      "dependencies": {
        "@nomicfoundation/slang": "0.14.0",
        "@nomicfoundation/solidity-analyzer": "0.1.1"
      },
      "bin": {
        "nomicfoundation-solidity-language-server": "out/index.js"
      },
      "engines": {
        "node": "*"
      }
    },
    "node_modules/@openzeppelin/contracts": {
      "version": "5.0.2",
      "resolved": "https://registry.npmjs.org/@openzeppelin/contracts/-/contracts-5.0.2.tgz",
      "integrity": "sha512-ytPc6eLGcHHnapAZ9S+5qsdomhjo6QBHTDRRBFfTxXIpsicMhVPouPgmUPebZZZGX7vt9USA+Z+0M0dSVtSUEA=="
    }
  }
}
